
Microsoft Visual Studio Solution File, Format Version 12.00
# Visual Studio 15
Project("{FAE04EC0-301F-11D3-BF4B-00C04F79EFBC}") = "Assembly-CSharp", "Assembly-CSharp.csproj", "{67F12D83-6B06-10D4-5587-D86F0B182BD4}"
EndProject
Project("{FAE04EC0-301F-11D3-BF4B-00C04F79EFBC}") = "Assembly-CSharp-firstpass", "Assembly-CSharp-firstpass.csproj", "{7F3442F7-4494-ECD6-FB85-2F6BA4708F70}"
EndProject
Project("{FAE04EC0-301F-11D3-BF4B-00C04F79EFBC}") = "Assembly-CSharp-Editor", "Assembly-CSharp-Editor.csproj", "{32C14DA1-F781-477B-2093-BB16E5BC0178}"
EndProject
Project("{FAE04EC0-301F-11D3-BF4B-00C04F79EFBC}") = "Assembly-CSharp-Editor-firstpass", "Assembly-CSharp-Editor-firstpass.csproj", "{0C209494-3077-89D1-6E1A-C282E9F709E2}"
EndProject
Global
	GlobalSection(SolutionConfigurationPlatforms) = preSolution
		Debug|Any CPU = Debug|Any CPU
		Release|Any CPU = Release|Any CPU
	EndGlobalSection
	GlobalSection(ProjectConfigurationPlatforms) = postSolution
		{67F12D83-6B06-10D4-5587-D86F0B182BD4}.Debug|Any CPU.ActiveCfg = Debug|Any CPU
		{67F12D83-6B06-10D4-5587-D86F0B182BD4}.Debug|Any CPU.Build.0 = Debug|Any CPU
		{67F12D83-6B06-10D4-5587-D86F0B182BD4}.Release|Any CPU.ActiveCfg = Release|Any CPU
		{67F12D83-6B06-10D4-5587-D86F0B182BD4}.Release|Any CPU.Build.0 = Release|Any CPU
		{7F3442F7-4494-ECD6-FB85-2F6BA4708F70}.Debug|Any CPU.ActiveCfg = Debug|Any CPU
		{7F3442F7-4494-ECD6-FB85-2F6BA4708F70}.Debug|Any CPU.Build.0 = Debug|Any CPU
		{7F3442F7-4494-ECD6-FB85-2F6BA4708F70}.Release|Any CPU.ActiveCfg = Release|Any CPU
		{7F3442F7-4494-ECD6-FB85-2F6BA4708F70}.Release|Any CPU.Build.0 = Release|Any CPU
		{32C14DA1-F781-477B-2093-BB16E5BC0178}.Debug|Any CPU.ActiveCfg = Debug|Any CPU
		{32C14DA1-F781-477B-2093-BB16E5BC0178}.Debug|Any CPU.Build.0 = Debug|Any CPU
		{32C14DA1-F781-477B-2093-BB16E5BC0178}.Release|Any CPU.ActiveCfg = Release|Any CPU
		{32C14DA1-F781-477B-2093-BB16E5BC0178}.Release|Any CPU.Build.0 = Release|Any CPU
		{0C209494-3077-89D1-6E1A-C282E9F709E2}.Debug|Any CPU.ActiveCfg = Debug|Any CPU
		{0C209494-3077-89D1-6E1A-C282E9F709E2}.Debug|Any CPU.Build.0 = Debug|Any CPU
		{0C209494-3077-89D1-6E1A-C282E9F709E2}.Release|Any CPU.ActiveCfg = Release|Any CPU
		{0C209494-3077-89D1-6E1A-C282E9F709E2}.Release|Any CPU.Build.0 = Release|Any CPU
	EndGlobalSection
	GlobalSection(SolutionProperties) = preSolution
		HideSolutionNode = FALSE
	EndGlobalSection
EndGlobal
